
Microsoft Visual Studio Solution File, Format Version 12.00
# Visual Studio Version 17
VisualStudioVersion = 17.10.35013.160
MinimumVisualStudioVersion = 10.0.40219.1
Project("{FAE04EC0-301F-11D3-BF4B-00C04F79EFBC}") = "kyx-demo", "kyx-demo\kyx-demo.csproj", "{F5A17323-703B-45EC-A983-F72986A7C2E9}"
EndProject
Global
	GlobalSection(SolutionConfigurationPlatforms) = preSolution
		Debug|Any CPU = Debug|Any CPU
		Release|Any CPU = Release|Any CPU
	EndGlobalSection
	GlobalSection(ProjectConfigurationPlatforms) = postSolution
		{F5A17323-703B-45EC-A983-F72986A7C2E9}.Debug|Any CPU.ActiveCfg = Debug|Any CPU
		{F5A17323-703B-45EC-A983-F72986A7C2E9}.Debug|Any CPU.Build.0 = Debug|Any CPU
		{F5A17323-703B-45EC-A983-F72986A7C2E9}.Release|Any CPU.ActiveCfg = Release|Any CPU
		{F5A17323-703B-45EC-A983-F72986A7C2E9}.Release|Any CPU.Build.0 = Release|Any CPU
	EndGlobalSection
	GlobalSection(SolutionProperties) = preSolution
		HideSolutionNode = FALSE
	EndGlobalSection
	GlobalSection(ExtensibilityGlobals) = postSolution
		SolutionGuid = {CCC54DFD-E187-475D-A9F0-518D304E5793}
	EndGlobalSection
EndGlobal
